// !$*UTF8*$!
{
	archiveVersion = 1;
	classes = {
	};
	objectVersion = 46;
	objects = {

/* Begin PBXBuildFile section */
		27AACCF51A8A4A7900FBE4C7 /* main.m in Sources */ = {isa = PBXBuildFile; fileRef = 27AACCF41A8A4A7900FBE4C7 /* main.m */; };
		27AACCF81A8A4A7900FBE4C7 /* AppDelegate.m in Sources */ = {isa = PBXBuildFile; fileRef = 27AACCF71A8A4A7900FBE4C7 /* AppDelegate.m */; };
		27AACCFB1A8A4A7900FBE4C7 /* ViewController.m in Sources */ = {isa = PBXBuildFile; fileRef = 27AACCFA1A8A4A7900FBE4C7 /* ViewController.m */; };
		27AACCFE1A8A4A7900FBE4C7 /* Main.storyboard in Resources */ = {isa = PBXBuildFile; fileRef = 27AACCFC1A8A4A7900FBE4C7 /* Main.storyboard */; };
		27AACD001A8A4A7900FBE4C7 /* Images.xcassets in Resources */ = {isa = PBXBuildFile; fileRef = 27AACCFF1A8A4A7900FBE4C7 /* Images.xcassets */; };
		27AACD031A8A4A7900FBE4C7 /* LaunchScreen.xib in Resources */ = {isa = PBXBuildFile; fileRef = 27AACD011A8A4A7900FBE4C7 /* LaunchScreen.xib */; };
		27AACD0F1A8A4A7900FBE4C7 /* IBInspectableTests.m in Sources */ = {isa = PBXBuildFile; fileRef = 27AACD0E1A8A4A7900FBE4C7 /* IBInspectableTests.m */; };
		27AACD1A1A8A4AC300FBE4C7 /* MyCustomView.m in Sources */ = {isa = PBXBuildFile; fileRef = 27AACD191A8A4AC300FBE4C7 /* MyCustomView.m */; };
		27AACD1C1A8A4DF600FBE4C7 /* QuartzCore.framework in Frameworks */ = {isa = PBXBuildFile; fileRef = 27AACD1B1A8A4DF600FBE4C7 /* QuartzCore.framework */; };
/* End PBXBuildFile section */

/* Begin PBXContainerItemProxy section */
		27AACD091A8A4A7900FBE4C7 /* PBXContainerItemProxy */ = {
			isa = PBXContainerItemProxy;
			containerPortal = 27AACCE71A8A4A7900FBE4C7 /* Project object */;
			proxyType = 1;
			remoteGlobalIDString = 27AACCEE1A8A4A7900FBE4C7;
			remoteInfo = IBInspectable;
		};
/* End PBXContainerItemProxy section */

/* Begin PBXFileReference section */
		279296781A8B6FB500597537 /* ProfileAvatar1@2x.png */ = {isa = PBXFileReference; lastKnownFileType = image.png; path = "ProfileAvatar1@2x.png"; sourceTree = "<group>"; };
		279296791A8B6FB500597537 /* ProfileAvatar2@2x.png */ = {isa = PBXFileReference; lastKnownFileType = image.png; path = "ProfileAvatar2@2x.png"; sourceTree = "<group>"; };
		2792967A1A8B6FB500597537 /* ProfileAvatar3@2x.png */ = {isa = PBXFileReference; lastKnownFileType = image.png; path = "ProfileAvatar3@2x.png"; sourceTree = "<group>"; };
		2792967B1A8B6FB500597537 /* ProfileAvatar4@2x.png */ = {isa = PBXFileReference; lastKnownFileType = image.png; path = "ProfileAvatar4@2x.png"; sourceTree = "<group>"; };
		2792967C1A8B6FB500597537 /* ProfileAvatar5@2x.png */ = {isa = PBXFileReference; lastKnownFileType = image.png; path = "ProfileAvatar5@2x.png"; sourceTree = "<group>"; };
		27AACCEF1A8A4A7900FBE4C7 /* IBInspectable.app */ = {isa = PBXFileReference; explicitFileType = wrapper.application; includeInIndex = 0; path = IBInspectable.app; sourceTree = BUILT_PRODUCTS_DIR; };
		27AACCF31A8A4A7900FBE4C7 /* Info.plist */ = {isa = PBXFileReference; lastKnownFileType = text.plist.xml; path = Info.plist; sourceTree = "<group>"; };
		27AACCF41A8A4A7900FBE4C7 /* main.m */ = {isa = PBXFileReference; lastKnownFileType = sourcecode.c.objc; path = main.m; sourceTree = "<group>"; };
		27AACCF61A8A4A7900FBE4C7 /* AppDelegate.h */ = {isa = PBXFileReference; lastKnownFileType = sourcecode.c.h; path = AppDelegate.h; sourceTree = "<group>"; };
		27AACCF71A8A4A7900FBE4C7 /* AppDelegate.m */ = {isa = PBXFileReference; lastKnownFileType = sourcecode.c.objc; path = AppDelegate.m; sourceTree = "<group>"; };
		27AACCF91A8A4A7900FBE4C7 /* ViewController.h */ = {isa = PBXFileReference; lastKnownFileType = sourcecode.c.h; path = ViewController.h; sourceTree = "<group>"; };
		27AACCFA1A8A4A7900FBE4C7 /* ViewController.m */ = {isa = PBXFileReference; lastKnownFileType = sourcecode.c.objc; path = ViewController.m; sourceTree = "<group>"; };
		27AACCFD1A8A4A7900FBE4C7 /* Base */ = {isa = PBXFileReference; lastKnownFileType = file.storyboard; name = Base; path = Base.lproj/Main.storyboard; sourceTree = "<group>"; };
		27AACCFF1A8A4A7900FBE4C7 /* Images.xcassets */ = {isa = PBXFileReference; lastKnownFileType = folder.assetcatalog; path = Images.xcassets; sourceTree = "<group>"; };
		27AACD021A8A4A7900FBE4C7 /* Base */ = {isa = PBXFileReference; lastKnownFileType = file.xib; name = Base; path = Base.lproj/LaunchScreen.xib; sourceTree = "<group>"; };
		27AACD081A8A4A7900FBE4C7 /* IBInspectableTests.xctest */ = {isa = PBXFileReference; explicitFileType = wrapper.cfbundle; includeInIndex = 0; path = IBInspectableTests.xctest; sourceTree = BUILT_PRODUCTS_DIR; };
		27AACD0D1A8A4A7900FBE4C7 /* Info.plist */ = {isa = PBXFileReference; lastKnownFileType = text.plist.xml; path = Info.plist; sourceTree = "<group>"; };
		27AACD0E1A8A4A7900FBE4C7 /* IBInspectableTests.m */ = {isa = PBXFileReference; lastKnownFileType = sourcecode.c.objc; path = IBInspectableTests.m; sourceTree = "<group>"; };
		27AACD181A8A4AC300FBE4C7 /* MyCustomView.h */ = {isa = PBXFileReference; fileEncoding = 4; lastKnownFileType = sourcecode.c.h; path = MyCustomView.h; sourceTree = "<group>"; };
		27AACD191A8A4AC300FBE4C7 /* MyCustomView.m */ = {isa = PBXFileReference; fileEncoding = 4; lastKnownFileType = sourcecode.c.objc; path = MyCustomView.m; sourceTree = "<group>"; };
		27AACD1B1A8A4DF600FBE4C7 /* QuartzCore.framework */ = {isa = PBXFileReference; lastKnownFileType = wrapper.framework; name = QuartzCore.framework; path = System/Library/Frameworks/QuartzCore.framework; sourceTree = SDKROOT; };
/* End PBXFileReference section */

/* Begin PBXFrameworksBuildPhase section */
		27AACCEC1A8A4A7900FBE4C7 /* Frameworks */ = {
			isa = PBXFrameworksBuildPhase;
			buildActionMask = 2147483647;
			files = (
				27AACD1C1A8A4DF600FBE4C7 /* QuartzCore.framework in Frameworks */,
			);
			runOnlyForDeploymentPostprocessing = 0;
		};
		27AACD051A8A4A7900FBE4C7 /* Frameworks */ = {
			isa = PBXFrameworksBuildPhase;
			buildActionMask = 2147483647;
			files = (
			);
			runOnlyForDeploymentPostprocessing = 0;
		};
/* End PBXFrameworksBuildPhase section */

/* Begin PBXGroup section */
		279296771A8B6FB500597537 /* Avatar */ = {
			isa = PBXGroup;
			children = (
				279296781A8B6FB500597537 /* ProfileAvatar1@2x.png */,
				279296791A8B6FB500597537 /* ProfileAvatar2@2x.png */,
				2792967A1A8B6FB500597537 /* ProfileAvatar3@2x.png */,
				2792967B1A8B6FB500597537 /* ProfileAvatar4@2x.png */,
				2792967C1A8B6FB500597537 /* ProfileAvatar5@2x.png */,
			);
			path = Avatar;
			sourceTree = "<group>";
		};
		27AACCE61A8A4A7900FBE4C7 = {
			isa = PBXGroup;
			children = (
				279296771A8B6FB500597537 /* Avatar */,
				27AACD1B1A8A4DF600FBE4C7 /* QuartzCore.framework */,
				27AACCF11A8A4A7900FBE4C7 /* IBInspectable */,
				27AACD0B1A8A4A7900FBE4C7 /* IBInspectableTests */,
				27AACCF01A8A4A7900FBE4C7 /* Products */,
			);
			sourceTree = "<group>";
		};
		27AACCF01A8A4A7900FBE4C7 /* Products */ = {
			isa = PBXGroup;
			children = (
				27AACCEF1A8A4A7900FBE4C7 /* IBInspectable.app */,
				27AACD081A8A4A7900FBE4C7 /* IBInspectableTests.xctest */,
			);
			name = Products;
			sourceTree = "<group>";
		};
		27AACCF11A8A4A7900FBE4C7 /* IBInspectable */ = {
			isa = PBXGroup;
			children = (
				27AACCF61A8A4A7900FBE4C7 /* AppDelegate.h */,
				27AACCF71A8A4A7900FBE4C7 /* AppDelegate.m */,
				27AACCF91A8A4A7900FBE4C7 /* ViewController.h */,
				27AACCFA1A8A4A7900FBE4C7 /* ViewController.m */,
				27AACD181A8A4AC300FBE4C7 /* MyCustomView.h */,
				27AACD191A8A4AC300FBE4C7 /* MyCustomView.m */,
				27AACCFC1A8A4A7900FBE4C7 /* Main.storyboard */,
				27AACCFF1A8A4A7900FBE4C7 /* Images.xcassets */,
				27AACD011A8A4A7900FBE4C7 /* LaunchScreen.xib */,
				27AACCF21A8A4A7900FBE4C7 /* Supporting Files */,
			);
			path = IBInspectable;
			sourceTree = "<group>";
		};
		27AACCF21A8A4A7900FBE4C7 /* Supporting Files */ = {
			isa = PBXGroup;
			children = (
				27AACCF31A8A4A7900FBE4C7 /* Info.plist */,
				27AACCF41A8A4A7900FBE4C7 /* main.m */,
			);
			name = "Supporting Files";
			sourceTree = "<group>";
		};
		27AACD0B1A8A4A7900FBE4C7 /* IBInspectableTests */ = {
			isa = PBXGroup;
			children = (
				27AACD0E1A8A4A7900FBE4C7 /* IBInspectableTests.m */,
				27AACD0C1A8A4A7900FBE4C7 /* Supporting Files */,
			);
			path = IBInspectableTests;
			sourceTree = "<group>";
		};
		27AACD0C1A8A4A7900FBE4C7 /* Supporting Files */ = {
			isa = PBXGroup;
			children = (
				27AACD0D1A8A4A7900FBE4C7 /* Info.plist */,
			);
			name = "Supporting Files";
			sourceTree = "<group>";
		};
/* End PBXGroup section */

/* Begin PBXNativeTarget section */
		27AACCEE1A8A4A7900FBE4C7 /* IBInspectable */ = {
			isa = PBXNativeTarget;
			buildConfigurationList = 27AACD121A8A4A7900FBE4C7 /* Build configuration list for PBXNativeTarget "IBInspectable" */;
			buildPhases = (
				27AACCEB1A8A4A7900FBE4C7 /* Sources */,
				27AACCEC1A8A4A7900FBE4C7 /* Frameworks */,
				27AACCED1A8A4A7900FBE4C7 /* Resources */,
			);
			buildRules = (
			);
			dependencies = (
			);
			name = IBInspectable;
			productName = IBInspectable;
			productReference = 27AACCEF1A8A4A7900FBE4C7 /* IBInspectable.app */;
			productType = "com.apple.product-type.application";
		};
		27AACD071A8A4A7900FBE4C7 /* IBInspectableTests */ = {
			isa = PBXNativeTarget;
			buildConfigurationList = 27AACD151A8A4A7900FBE4C7 /* Build configuration list for PBXNativeTarget "IBInspectableTests" */;
			buildPhases = (
				27AACD041A8A4A7900FBE4C7 /* Sources */,
				27AACD051A8A4A7900FBE4C7 /* Frameworks */,
				27AACD061A8A4A7900FBE4C7 /* Resources */,
			);
			buildRules = (
			);
			dependencies = (
				27AACD0A1A8A4A7900FBE4C7 /* PBXTargetDependency */,
			);
			name = IBInspectableTests;
			productName = IBInspectableTests;
			productReference = 27AACD081A8A4A7900FBE4C7 /* IBInspectableTests.xctest */;
			productType = "com.apple.product-type.bundle.unit-test";
		};
/* End PBXNativeTarget section */

/* Begin PBXProject section */
		27AACCE71A8A4A7900FBE4C7 /* Project object */ = {
			isa = PBXProject;
			attributes = {
				LastUpgradeCheck = 0600;
				ORGANIZATIONNAME = Ramaraj;
				TargetAttributes = {
					27AACCEE1A8A4A7900FBE4C7 = {
						CreatedOnToolsVersion = 6.0.1;
					};
					27AACD071A8A4A7900FBE4C7 = {
						CreatedOnToolsVersion = 6.0.1;
						TestTargetID = 27AACCEE1A8A4A7900FBE4C7;
					};
				};
			};
			buildConfigurationList = 27AACCEA1A8A4A7900FBE4C7 /* Build configuration list for PBXProject "IBInspectable" */;
			compatibilityVersion = "Xcode 3.2";
			developmentRegion = English;
			hasScannedForEncodings = 0;
			knownRegions = (
				en,
				Base,
			);
			mainGroup = 27AACCE61A8A4A7900FBE4C7;
			productRefGroup = 27AACCF01A8A4A7900FBE4C7 /* Products */;
			projectDirPath = "";
			projectRoot = "";
			targets = (
				27AACCEE1A8A4A7900FBE4C7 /* IBInspectable */,
				27AACD071A8A4A7900FBE4C7 /* IBInspectableTests */,
			);
		};
/* End PBXProject section */

/* Begin PBXResourcesBuildPhase section */
		27AACCED1A8A4A7900FBE4C7 /* Resources */ = {
			isa = PBXResourcesBuildPhase;
			buildActionMask = 2147483647;
			files = (
				27AACCFE1A8A4A7900FBE4C7 /* Main.storyboard in Resources */,
				27AACD031A8A4A7900FBE4C7 /* LaunchScreen.xib in Resources */,
				27AACD001A8A4A7900FBE4C7 /* Images.xcassets in Resources */,
			);
			runOnlyForDeploymentPostprocessing = 0;
		};
		27AACD061A8A4A7900FBE4C7 /* Resources */ = {
			isa = PBXResourcesBuildPhase;
			buildActionMask = 2147483647;
			files = (
			);
			runOnlyForDeploymentPostprocessing = 0;
		};
/* End PBXResourcesBuildPhase section */

/* Begin PBXSourcesBuildPhase section */
		27AACCEB1A8A4A7900FBE4C7 /* Sources */ = {
			isa = PBXSourcesBuildPhase;
			buildActionMask = 2147483647;
			files = (
				27AACCFB1A8A4A7900FBE4C7 /* ViewController.m in Sources */,
				27AACD1A1A8A4AC300FBE4C7 /* MyCustomView.m in Sources */,
				27AACCF81A8A4A7900FBE4C7 /* AppDelegate.m in Sources */,
				27AACCF51A8A4A7900FBE4C7 /* main.m in Sources */,
			);
			runOnlyForDeploymentPostprocessing = 0;
		};
		27AACD041A8A4A7900FBE4C7 /* Sources */ = {
			isa = PBXSourcesBuildPhase;
			buildActionMask = 2147483647;
			files = (
				27AACD0F1A8A4A7900FBE4C7 /* IBInspectableTests.m in Sources */,
			);
			runOnlyForDeploymentPostprocessing = 0;
		};
/* End PBXSourcesBuildPhase section */

/* Begin PBXTargetDependency section */
		27AACD0A1A8A4A7900FBE4C7 /* PBXTargetDependency */ = {
			isa = PBXTargetDependency;
			target = 27AACCEE1A8A4A7900FBE4C7 /* IBInspectable */;
			targetProxy = 27AACD091A8A4A7900FBE4C7 /* PBXContainerItemProxy */;
		};
/* End PBXTargetDependency section */

/* Begin PBXVariantGroup section */
		27AACCFC1A8A4A7900FBE4C7 /* Main.storyboard */ = {
			isa = PBXVariantGroup;
			children = (
				27AACCFD1A8A4A7900FBE4C7 /* Base */,
			);
			name = Main.storyboard;
			sourceTree = "<group>";
		};
		27AACD011A8A4A7900FBE4C7 /* LaunchScreen.xib */ = {
			isa = PBXVariantGroup;
			children = (
				27AACD021A8A4A7900FBE4C7 /* Base */,
			);
			name = LaunchScreen.xib;
			sourceTree = "<group>";
		};
/* End PBXVariantGroup section */

/* Begin XCBuildConfiguration section */
		27AACD101A8A4A7900FBE4C7 /* Debug */ = {
			isa = XCBuildConfiguration;
			buildSettings = {
				ALWAYS_SEARCH_USER_PATHS = NO;
				CLANG_CXX_LANGUAGE_STANDARD = "gnu++0x";
				CLANG_CXX_LIBRARY = "libc++";
				CLANG_ENABLE_MODULES = YES;
				CLANG_ENABLE_OBJC_ARC = YES;
				CLANG_WARN_BOOL_CONVERSION = YES;
				CLANG_WARN_CONSTANT_CONVERSION = YES;
				CLANG_WARN_DIRECT_OBJC_ISA_USAGE = YES_ERROR;
				CLANG_WARN_EMPTY_BODY = YES;
				CLANG_WARN_ENUM_CONVERSION = YES;
				CLANG_WARN_INT_CONVERSION = YES;
				CLANG_WARN_OBJC_ROOT_CLASS = YES_ERROR;
				CLANG_WARN_UNREACHABLE_CODE = YES;
				CLANG_WARN__DUPLICATE_METHOD_MATCH = YES;
				"CODE_SIGN_IDENTITY[sdk=iphoneos*]" = "iPhone Developer";
				COPY_PHASE_STRIP = NO;
				ENABLE_STRICT_OBJC_MSGSEND = YES;
				GCC_C_LANGUAGE_STANDARD = gnu99;
				GCC_DYNAMIC_NO_PIC = NO;
				GCC_OPTIMIZATION_LEVEL = 0;
				GCC_PREPROCESSOR_DEFINITIONS = (
					"DEBUG=1",
					"$(inherited)",
				);
				GCC_SYMBOLS_PRIVATE_EXTERN = NO;
				GCC_WARN_64_TO_32_BIT_CONVERSION = YES;
				GCC_WARN_ABOUT_RETURN_TYPE = YES_ERROR;
				GCC_WARN_UNDECLARED_SELECTOR = YES;
				GCC_WARN_UNINITIALIZED_AUTOS = YES_AGGRESSIVE;
				GCC_WARN_UNUSED_FUNCTION = YES;
				GCC_WARN_UNUSED_VARIABLE = YES;
				IPHONEOS_DEPLOYMENT_TARGET = 8.0;
				MTL_ENABLE_DEBUG_INFO = YES;
				ONLY_ACTIVE_ARCH = YES;
				SDKROOT = iphoneos;
			};
			name = Debug;
		};
		27AACD111A8A4A7900FBE4C7 /* Release */ = {
			isa = XCBuildConfiguration;
			buildSettings = {
				ALWAYS_SEARCH_USER_PATHS = NO;
				CLANG_CXX_LANGUAGE_STANDARD = "gnu++0x";
				CLANG_CXX_LIBRARY = "libc++";
				CLANG_ENABLE_MODULES = YES;
				CLANG_ENABLE_OBJC_ARC = YES;
				CLANG_WARN_BOOL_CONVERSION = YES;
				CLANG_WARN_CONSTANT_CONVERSION = YES;
				CLANG_WARN_DIRECT_OBJC_ISA_USAGE = YES_ERROR;
				CLANG_WARN_EMPTY_BODY = YES;
				CLANG_WARN_ENUM_CONVERSION = YES;
				CLANG_WARN_INT_CONVERSION = YES;
				CLANG_WARN_OBJC_ROOT_CLASS = YES_ERROR;
				CLANG_WARN_UNREACHABLE_CODE = YES;
				CLANG_WARN__DUPLICATE_METHOD_MATCH = YES;
				"CODE_SIGN_IDENTITY[sdk=iphoneos*]" = "iPhone Developer";
				COPY_PHASE_STRIP = YES;
				ENABLE_NS_ASSERTIONS = NO;
				ENABLE_STRICT_OBJC_MSGSEND = YES;
				GCC_C_LANGUAGE_STANDARD = gnu99;
				GCC_WARN_64_TO_32_BIT_CONVERSION = YES;
				GCC_WARN_ABOUT_RETURN_TYPE = YES_ERROR;
				GCC_WARN_UNDECLARED_SELECTOR = YES;
				GCC_WARN_UNINITIALIZED_AUTOS = YES_AGGRESSIVE;
				GCC_WARN_UNUSED_FUNCTION = YES;
				GCC_WARN_UNUSED_VARIABLE = YES;
				IPHONEOS_DEPLOYMENT_TARGET = 8.0;
				MTL_ENABLE_DEBUG_INFO = NO;
				SDKROOT = iphoneos;
				VALIDATE_PRODUCT = YES;
			};
			name = Release;
		};
		27AACD131A8A4A7900FBE4C7 /* Debug */ = {
			isa = XCBuildConfiguration;
			buildSettings = {
				ASSETCATALOG_COMPILER_APPICON_NAME = AppIcon;
				INFOPLIST_FILE = IBInspectable/Info.plist;
				LD_RUNPATH_SEARCH_PATHS = "$(inherited) @executable_path/Frameworks";
				PRODUCT_NAME = "$(TARGET_NAME)";
			};
			name = Debug;
		};
		27AACD141A8A4A7900FBE4C7 /* Release */ = {
			isa = XCBuildConfiguration;
			buildSettings = {
				ASSETCATALOG_COMPILER_APPICON_NAME = AppIcon;
				INFOPLIST_FILE = IBInspectable/Info.plist;
				LD_RUNPATH_SEARCH_PATHS = "$(inherited) @executable_path/Frameworks";
				PRODUCT_NAME = "$(TARGET_NAME)";
			};
			name = Release;
		};
		27AACD161A8A4A7900FBE4C7 /* Debug */ = {
			isa = XCBuildConfiguration;
			buildSettings = {
				BUNDLE_LOADER = "$(TEST_HOST)";
				FRAMEWORK_SEARCH_PATHS = (
					"$(SDKROOT)/Developer/Library/Frameworks",
					"$(inherited)",
				);
				GCC_PREPROCESSOR_DEFINITIONS = (
					"DEBUG=1",
					"$(inherited)",
				);
				INFOPLIST_FILE = IBInspectableTests/Info.plist;
				LD_RUNPATH_SEARCH_PATHS = "$(inherited) @executable_path/Frameworks @loader_path/Frameworks";
				PRODUCT_NAME = "$(TARGET_NAME)";
				TEST_HOST = "$(BUILT_PRODUCTS_DIR)/IBInspectable.app/IBInspectable";
			};
			name = Debug;
		};
		27AACD171A8A4A7900FBE4C7 /* Release */ = {
			isa = XCBuildConfiguration;
			buildSettings = {
				BUNDLE_LOADER = "$(TEST_HOST)";
				FRAMEWORK_SEARCH_PATHS = (
					"$(SDKROOT)/Developer/Library/Frameworks",
					"$(inherited)",
				);
				INFOPLIST_FILE = IBInspectableTests/Info.plist;
				LD_RUNPATH_SEARCH_PATHS = "$(inherited) @executable_path/Frameworks @loader_path/Frameworks";
				PRODUCT_NAME = "$(TARGET_NAME)";
				TEST_HOST = "$(BUILT_PRODUCTS_DIR)/IBInspectable.app/IBInspectable";
			};
			name = Release;
		};
/* End XCBuildConfiguration section */

/* Begin XCConfigurationList section */
		27AACCEA1A8A4A7900FBE4C7 /* Build configuration list for PBXProject "IBInspectable" */ = {
			isa = XCConfigurationList;
			buildConfigurations = (
				27AACD101A8A4A7900FBE4C7 /* Debug */,
				27AACD111A8A4A7900FBE4C7 /* Release */,
			);
			defaultConfigurationIsVisible = 0;
			defaultConfigurationName = Release;
		};
		27AACD121A8A4A7900FBE4C7 /* Build configuration list for PBXNativeTarget "IBInspectable" */ = {
			isa = XCConfigurationList;
			buildConfigurations = (
				27AACD131A8A4A7900FBE4C7 /* Debug */,
				27AACD141A8A4A7900FBE4C7 /* Release */,
			);
			defaultConfigurationIsVisible = 0;
			defaultConfigurationName = Release;
		};
		27AACD151A8A4A7900FBE4C7 /* Build configuration list for PBXNativeTarget "IBInspectableTests" */ = {
			isa = XCConfigurationList;
			buildConfigurations = (
				27AACD161A8A4A7900FBE4C7 /* Debug */,
				27AACD171A8A4A7900FBE4C7 /* Release */,
			);
			defaultConfigurationIsVisible = 0;
			defaultConfigurationName = Release;
		};
/* End XCConfigurationList section */
	};
	rootObject = 27AACCE71A8A4A7900FBE4C7 /* Project object */;
}
